
Microsoft Visual Studio Solution File, Format Version 12.00
# Visual Studio Version 16
VisualStudioVersion = 16.0.31624.102
MinimumVisualStudioVersion = 10.0.40219.1
Project("{9A19103F-16F7-4668-BE54-9A1E7A4F7556}") = "HSPService", "HSPService\HSPService.csproj", "{8A476741-A10E-4E83-8064-2B66AC5D2FC9}"
EndProject
Project("{FAE04EC0-301F-11D3-BF4B-00C04F79EFBC}") = "HSPServices_API_test", "HSPServices_API_test\HSPServices_API_test.csproj", "{7C60EEA6-9DE3-415E-9D3F-D5EC897D5F97}"
EndProject
Global
	GlobalSection(SolutionConfigurationPlatforms) = preSolution
		Debug|Any CPU = Debug|Any CPU
		Release|Any CPU = Release|Any CPU
	EndGlobalSection
	GlobalSection(ProjectConfigurationPlatforms) = postSolution
		{8A476741-A10E-4E83-8064-2B66AC5D2FC9}.Debug|Any CPU.ActiveCfg = Debug|Any CPU
		{8A476741-A10E-4E83-8064-2B66AC5D2FC9}.Debug|Any CPU.Build.0 = Debug|Any CPU
		{8A476741-A10E-4E83-8064-2B66AC5D2FC9}.Release|Any CPU.ActiveCfg = Release|Any CPU
		{8A476741-A10E-4E83-8064-2B66AC5D2FC9}.Release|Any CPU.Build.0 = Release|Any CPU
		{7C60EEA6-9DE3-415E-9D3F-D5EC897D5F97}.Debug|Any CPU.ActiveCfg = Debug|Any CPU
		{7C60EEA6-9DE3-415E-9D3F-D5EC897D5F97}.Debug|Any CPU.Build.0 = Debug|Any CPU
		{7C60EEA6-9DE3-415E-9D3F-D5EC897D5F97}.Release|Any CPU.ActiveCfg = Release|Any CPU
		{7C60EEA6-9DE3-415E-9D3F-D5EC897D5F97}.Release|Any CPU.Build.0 = Release|Any CPU
	EndGlobalSection
	GlobalSection(SolutionProperties) = preSolution
		HideSolutionNode = FALSE
	EndGlobalSection
	GlobalSection(ExtensibilityGlobals) = postSolution
		SolutionGuid = {34C1C9D9-D496-4304-9D50-F2287797CFCE}
	EndGlobalSection
EndGlobal
