
Microsoft Visual Studio Solution File, Format Version 12.00
# Visual Studio Version 16
VisualStudioVersion = 16.0.30804.86
MinimumVisualStudioVersion = 10.0.40219.1
Project("{9A19103F-16F7-4668-BE54-9A1E7A4F7556}") = "NUS_ISS_14_Appointment_Buddy", "NUS_ISS_14_Appointment_Buddy\NUS_ISS_14_Appointment_Buddy.csproj", "{98E9D09A-EF4C-44B9-958B-8730A9C79D0A}"
EndProject
Project("{2150E333-8FDC-42A3-9474-1A3956D46DE8}") = "DB", "DB", "{1EF212AA-C925-4EFC-A43B-BA8ECF9826BC}"
EndProject
Project("{00D1A9C2-B5F0-4AF3-8072-F6C62B433612}") = "AppointmentBuddy.DB", "AppointmentBuddy.DB\AppointmentBuddy.DB.sqlproj", "{4E7FB483-F2B5-4F68-9670-571C215256A0}"
EndProject
Project("{2150E333-8FDC-42A3-9474-1A3956D46DE8}") = "WEB", "WEB", "{48D842D7-A903-4356-B0B0-ADF8F12972C4}"
EndProject
Project("{2150E333-8FDC-42A3-9474-1A3956D46DE8}") = "Services", "Services", "{129BCF1B-1993-46E5-9066-B19809DAF4DD}"
EndProject
Project("{2150E333-8FDC-42A3-9474-1A3956D46DE8}") = "SharedLibrary", "SharedLibrary", "{2E4C82DD-0E4D-4625-BFB9-1A0B29B43CBF}"
EndProject
Project("{2150E333-8FDC-42A3-9474-1A3956D46DE8}") = "Identity.API", "Identity.API", "{1249C5F3-FE06-4B7C-9AD5-BA9AF6C1533D}"
EndProject
Project("{2150E333-8FDC-42A3-9474-1A3956D46DE8}") = "Management.API", "Management.API", "{7B6CD0C7-AEAD-4A93-8D57-CA99BC34391F}"
EndProject
Project("{2150E333-8FDC-42A3-9474-1A3956D46DE8}") = "Appointment.API", "Appointment.API", "{81D728A1-4C1B-4047-A350-AF42B879E880}"
EndProject
Project("{9A19103F-16F7-4668-BE54-9A1E7A4F7556}") = "AppointmentBuddy.Service.Appointment.API", "AppointmentBuddy.Service.Appointment.API\AppointmentBuddy.Service.Appointment.API.csproj", "{091C09D7-4922-4D1D-9E9A-11F3574011AE}"
EndProject
Project("{9A19103F-16F7-4668-BE54-9A1E7A4F7556}") = "AppointmentBuddy.Service.Appointment.API.Core", "AppointmentBuddy.Service.Appointment.API.Core\AppointmentBuddy.Service.Appointment.API.Core.csproj", "{F3330439-19E8-42AD-99D5-63BC0A32387E}"
EndProject
Project("{9A19103F-16F7-4668-BE54-9A1E7A4F7556}") = "AppointmentBuddy.Service.Appointment.API.Infrastructure", "AppointmentBuddy.Service.Appointment.API.Infrastructure\AppointmentBuddy.Service.Appointment.API.Infrastructure.csproj", "{4C9840DF-C930-475B-B9A7-F501F361B7FE}"
	ProjectSection(ProjectDependencies) = postProject
		{F3330439-19E8-42AD-99D5-63BC0A32387E} = {F3330439-19E8-42AD-99D5-63BC0A32387E}
	EndProjectSection
EndProject
Project("{9A19103F-16F7-4668-BE54-9A1E7A4F7556}") = "AppointmentBuddy.Core.Common", "AppointmentBuddy.Core.Common\AppointmentBuddy.Core.Common.csproj", "{1D901426-6852-45E4-9853-6D6097433134}"
EndProject
Project("{9A19103F-16F7-4668-BE54-9A1E7A4F7556}") = "AppointmentBuddy.Infrastructure.Repository", "AppointmentBuddy.Infrastructure.Repository\AppointmentBuddy.Infrastructure.Repository.csproj", "{8BE9EE62-5967-40C8-A02E-CD2A49ABACEF}"
EndProject
Project("{9A19103F-16F7-4668-BE54-9A1E7A4F7556}") = "AppointmentBuddy.Core.Model", "AppointmentBuddy.Core.Model\AppointmentBuddy.Core.Model.csproj", "{F08E4159-7EEF-48DE-B1D1-3DE821281E9E}"
EndProject
Project("{9A19103F-16F7-4668-BE54-9A1E7A4F7556}") = "AppointmentBuddy.Core.Model.Appointment", "AppointmentBuddy.Core.Model.Appointment\AppointmentBuddy.Core.Model.Appointment.csproj", "{3E14CFAD-2407-42A8-8F61-39393EA2F2D2}"
EndProject
Project("{FAE04EC0-301F-11D3-BF4B-00C04F79EFBC}") = "AppointmentBuddy.Core.Model.Identity", "AppointmentBuddy.Core.Model.Identity\AppointmentBuddy.Core.Model.Identity.csproj", "{0B0B2590-F3BD-4638-A17D-CD5BF6648059}"
EndProject
Project("{FAE04EC0-301F-11D3-BF4B-00C04F79EFBC}") = "AppointmentBuddy.Core.Model.AccessControl", "AppointmentBuddy.Core.Model.AccessControl\AppointmentBuddy.Core.Model.AccessControl.csproj", "{091B4374-0362-4EC8-8332-CCB3B0CC8497}"
EndProject
Global
	GlobalSection(SolutionConfigurationPlatforms) = preSolution
		Debug|Any CPU = Debug|Any CPU
		Release|Any CPU = Release|Any CPU
	EndGlobalSection
	GlobalSection(ProjectConfigurationPlatforms) = postSolution
		{98E9D09A-EF4C-44B9-958B-8730A9C79D0A}.Debug|Any CPU.ActiveCfg = Debug|Any CPU
		{98E9D09A-EF4C-44B9-958B-8730A9C79D0A}.Debug|Any CPU.Build.0 = Debug|Any CPU
		{98E9D09A-EF4C-44B9-958B-8730A9C79D0A}.Release|Any CPU.ActiveCfg = Release|Any CPU
		{98E9D09A-EF4C-44B9-958B-8730A9C79D0A}.Release|Any CPU.Build.0 = Release|Any CPU
		{4E7FB483-F2B5-4F68-9670-571C215256A0}.Debug|Any CPU.ActiveCfg = Debug|Any CPU
		{4E7FB483-F2B5-4F68-9670-571C215256A0}.Debug|Any CPU.Build.0 = Debug|Any CPU
		{4E7FB483-F2B5-4F68-9670-571C215256A0}.Debug|Any CPU.Deploy.0 = Debug|Any CPU
		{4E7FB483-F2B5-4F68-9670-571C215256A0}.Release|Any CPU.ActiveCfg = Release|Any CPU
		{4E7FB483-F2B5-4F68-9670-571C215256A0}.Release|Any CPU.Build.0 = Release|Any CPU
		{4E7FB483-F2B5-4F68-9670-571C215256A0}.Release|Any CPU.Deploy.0 = Release|Any CPU
		{091C09D7-4922-4D1D-9E9A-11F3574011AE}.Debug|Any CPU.ActiveCfg = Debug|Any CPU
		{091C09D7-4922-4D1D-9E9A-11F3574011AE}.Debug|Any CPU.Build.0 = Debug|Any CPU
		{091C09D7-4922-4D1D-9E9A-11F3574011AE}.Release|Any CPU.ActiveCfg = Release|Any CPU
		{091C09D7-4922-4D1D-9E9A-11F3574011AE}.Release|Any CPU.Build.0 = Release|Any CPU
		{F3330439-19E8-42AD-99D5-63BC0A32387E}.Debug|Any CPU.ActiveCfg = Debug|Any CPU
		{F3330439-19E8-42AD-99D5-63BC0A32387E}.Debug|Any CPU.Build.0 = Debug|Any CPU
		{F3330439-19E8-42AD-99D5-63BC0A32387E}.Release|Any CPU.ActiveCfg = Release|Any CPU
		{F3330439-19E8-42AD-99D5-63BC0A32387E}.Release|Any CPU.Build.0 = Release|Any CPU
		{4C9840DF-C930-475B-B9A7-F501F361B7FE}.Debug|Any CPU.ActiveCfg = Debug|Any CPU
		{4C9840DF-C930-475B-B9A7-F501F361B7FE}.Debug|Any CPU.Build.0 = Debug|Any CPU
		{4C9840DF-C930-475B-B9A7-F501F361B7FE}.Release|Any CPU.ActiveCfg = Release|Any CPU
		{4C9840DF-C930-475B-B9A7-F501F361B7FE}.Release|Any CPU.Build.0 = Release|Any CPU
		{1D901426-6852-45E4-9853-6D6097433134}.Debug|Any CPU.ActiveCfg = Debug|Any CPU
		{1D901426-6852-45E4-9853-6D6097433134}.Debug|Any CPU.Build.0 = Debug|Any CPU
		{1D901426-6852-45E4-9853-6D6097433134}.Release|Any CPU.ActiveCfg = Release|Any CPU
		{1D901426-6852-45E4-9853-6D6097433134}.Release|Any CPU.Build.0 = Release|Any CPU
		{8BE9EE62-5967-40C8-A02E-CD2A49ABACEF}.Debug|Any CPU.ActiveCfg = Debug|Any CPU
		{8BE9EE62-5967-40C8-A02E-CD2A49ABACEF}.Debug|Any CPU.Build.0 = Debug|Any CPU
		{8BE9EE62-5967-40C8-A02E-CD2A49ABACEF}.Release|Any CPU.ActiveCfg = Release|Any CPU
		{8BE9EE62-5967-40C8-A02E-CD2A49ABACEF}.Release|Any CPU.Build.0 = Release|Any CPU
		{F08E4159-7EEF-48DE-B1D1-3DE821281E9E}.Debug|Any CPU.ActiveCfg = Debug|Any CPU
		{F08E4159-7EEF-48DE-B1D1-3DE821281E9E}.Debug|Any CPU.Build.0 = Debug|Any CPU
		{F08E4159-7EEF-48DE-B1D1-3DE821281E9E}.Release|Any CPU.ActiveCfg = Release|Any CPU
		{F08E4159-7EEF-48DE-B1D1-3DE821281E9E}.Release|Any CPU.Build.0 = Release|Any CPU
		{3E14CFAD-2407-42A8-8F61-39393EA2F2D2}.Debug|Any CPU.ActiveCfg = Debug|Any CPU
		{3E14CFAD-2407-42A8-8F61-39393EA2F2D2}.Debug|Any CPU.Build.0 = Debug|Any CPU
		{3E14CFAD-2407-42A8-8F61-39393EA2F2D2}.Release|Any CPU.ActiveCfg = Release|Any CPU
		{3E14CFAD-2407-42A8-8F61-39393EA2F2D2}.Release|Any CPU.Build.0 = Release|Any CPU
		{0B0B2590-F3BD-4638-A17D-CD5BF6648059}.Debug|Any CPU.ActiveCfg = Debug|Any CPU
		{0B0B2590-F3BD-4638-A17D-CD5BF6648059}.Debug|Any CPU.Build.0 = Debug|Any CPU
		{0B0B2590-F3BD-4638-A17D-CD5BF6648059}.Release|Any CPU.ActiveCfg = Release|Any CPU
		{0B0B2590-F3BD-4638-A17D-CD5BF6648059}.Release|Any CPU.Build.0 = Release|Any CPU
		{091B4374-0362-4EC8-8332-CCB3B0CC8497}.Debug|Any CPU.ActiveCfg = Debug|Any CPU
		{091B4374-0362-4EC8-8332-CCB3B0CC8497}.Debug|Any CPU.Build.0 = Debug|Any CPU
		{091B4374-0362-4EC8-8332-CCB3B0CC8497}.Release|Any CPU.ActiveCfg = Release|Any CPU
		{091B4374-0362-4EC8-8332-CCB3B0CC8497}.Release|Any CPU.Build.0 = Release|Any CPU
	EndGlobalSection
	GlobalSection(SolutionProperties) = preSolution
		HideSolutionNode = FALSE
	EndGlobalSection
	GlobalSection(NestedProjects) = preSolution
		{98E9D09A-EF4C-44B9-958B-8730A9C79D0A} = {48D842D7-A903-4356-B0B0-ADF8F12972C4}
		{4E7FB483-F2B5-4F68-9670-571C215256A0} = {1EF212AA-C925-4EFC-A43B-BA8ECF9826BC}
		{1249C5F3-FE06-4B7C-9AD5-BA9AF6C1533D} = {129BCF1B-1993-46E5-9066-B19809DAF4DD}
		{7B6CD0C7-AEAD-4A93-8D57-CA99BC34391F} = {129BCF1B-1993-46E5-9066-B19809DAF4DD}
		{81D728A1-4C1B-4047-A350-AF42B879E880} = {129BCF1B-1993-46E5-9066-B19809DAF4DD}
		{091C09D7-4922-4D1D-9E9A-11F3574011AE} = {81D728A1-4C1B-4047-A350-AF42B879E880}
		{F3330439-19E8-42AD-99D5-63BC0A32387E} = {81D728A1-4C1B-4047-A350-AF42B879E880}
		{4C9840DF-C930-475B-B9A7-F501F361B7FE} = {81D728A1-4C1B-4047-A350-AF42B879E880}
		{1D901426-6852-45E4-9853-6D6097433134} = {2E4C82DD-0E4D-4625-BFB9-1A0B29B43CBF}
		{8BE9EE62-5967-40C8-A02E-CD2A49ABACEF} = {2E4C82DD-0E4D-4625-BFB9-1A0B29B43CBF}
		{F08E4159-7EEF-48DE-B1D1-3DE821281E9E} = {2E4C82DD-0E4D-4625-BFB9-1A0B29B43CBF}
		{3E14CFAD-2407-42A8-8F61-39393EA2F2D2} = {2E4C82DD-0E4D-4625-BFB9-1A0B29B43CBF}
		{0B0B2590-F3BD-4638-A17D-CD5BF6648059} = {2E4C82DD-0E4D-4625-BFB9-1A0B29B43CBF}
		{091B4374-0362-4EC8-8332-CCB3B0CC8497} = {2E4C82DD-0E4D-4625-BFB9-1A0B29B43CBF}
	EndGlobalSection
	GlobalSection(ExtensibilityGlobals) = postSolution
		SolutionGuid = {5B9C8BC4-B338-4D55-A524-91CADA4736BC}
	EndGlobalSection
EndGlobal
