
Microsoft Visual Studio Solution File, Format Version 12.00
# Visual Studio Version 16
VisualStudioVersion = 16.0.30804.86
MinimumVisualStudioVersion = 10.0.40219.1
Project("{9A19103F-16F7-4668-BE54-9A1E7A4F7556}") = "NUS_ISS_14_Appointment_Buddy", "NUS_ISS_14_Appointment_Buddy\NUS_ISS_14_Appointment_Buddy.csproj", "{98E9D09A-EF4C-44B9-958B-8730A9C79D0A}"
EndProject
Project("{2150E333-8FDC-42A3-9474-1A3956D46DE8}") = "DB", "DB", "{1EF212AA-C925-4EFC-A43B-BA8ECF9826BC}"
EndProject
Project("{2150E333-8FDC-42A3-9474-1A3956D46DE8}") = "WEB", "WEB", "{48D842D7-A903-4356-B0B0-ADF8F12972C4}"
EndProject
Project("{2150E333-8FDC-42A3-9474-1A3956D46DE8}") = "Services", "Services", "{129BCF1B-1993-46E5-9066-B19809DAF4DD}"
EndProject
Project("{2150E333-8FDC-42A3-9474-1A3956D46DE8}") = "SharedLibrary", "SharedLibrary", "{2E4C82DD-0E4D-4625-BFB9-1A0B29B43CBF}"
EndProject
Project("{2150E333-8FDC-42A3-9474-1A3956D46DE8}") = "Identity.API", "Identity.API", "{1249C5F3-FE06-4B7C-9AD5-BA9AF6C1533D}"
EndProject
Project("{2150E333-8FDC-42A3-9474-1A3956D46DE8}") = "Appointment.API", "Appointment.API", "{81D728A1-4C1B-4047-A350-AF42B879E880}"
EndProject
Project("{9A19103F-16F7-4668-BE54-9A1E7A4F7556}") = "AppointmentBuddy.Service.Appointment.API", "AppointmentBuddy.Service.Appointment.API\AppointmentBuddy.Service.Appointment.API.csproj", "{091C09D7-4922-4D1D-9E9A-11F3574011AE}"
EndProject
Project("{9A19103F-16F7-4668-BE54-9A1E7A4F7556}") = "AppointmentBuddy.Service.Appointment.API.Core", "AppointmentBuddy.Service.Appointment.API.Core\AppointmentBuddy.Service.Appointment.API.Core.csproj", "{F3330439-19E8-42AD-99D5-63BC0A32387E}"
EndProject
Project("{9A19103F-16F7-4668-BE54-9A1E7A4F7556}") = "AppointmentBuddy.Service.Appointment.API.Infrastructure", "AppointmentBuddy.Service.Appointment.API.Infrastructure\AppointmentBuddy.Service.Appointment.API.Infrastructure.csproj", "{4C9840DF-C930-475B-B9A7-F501F361B7FE}"
	ProjectSection(ProjectDependencies) = postProject
		{F3330439-19E8-42AD-99D5-63BC0A32387E} = {F3330439-19E8-42AD-99D5-63BC0A32387E}
	EndProjectSection
EndProject
Project("{9A19103F-16F7-4668-BE54-9A1E7A4F7556}") = "AppointmentBuddy.Core.Common", "AppointmentBuddy.Core.Common\AppointmentBuddy.Core.Common.csproj", "{1D901426-6852-45E4-9853-6D6097433134}"
EndProject
Project("{9A19103F-16F7-4668-BE54-9A1E7A4F7556}") = "AppointmentBuddy.Infrastructure.Repository", "AppointmentBuddy.Infrastructure.Repository\AppointmentBuddy.Infrastructure.Repository.csproj", "{8BE9EE62-5967-40C8-A02E-CD2A49ABACEF}"
EndProject
Project("{9A19103F-16F7-4668-BE54-9A1E7A4F7556}") = "AppointmentBuddy.Core.Model", "AppointmentBuddy.Core.Model\AppointmentBuddy.Core.Model.csproj", "{F08E4159-7EEF-48DE-B1D1-3DE821281E9E}"
EndProject
Project("{9A19103F-16F7-4668-BE54-9A1E7A4F7556}") = "AppointmentBuddy.Core.Model.Appointment", "AppointmentBuddy.Core.Model.Appointment\AppointmentBuddy.Core.Model.Appointment.csproj", "{3E14CFAD-2407-42A8-8F61-39393EA2F2D2}"
EndProject
Project("{9A19103F-16F7-4668-BE54-9A1E7A4F7556}") = "AppointmentBuddy.Core.Model.Identity", "AppointmentBuddy.Core.Model.Identity\AppointmentBuddy.Core.Model.Identity.csproj", "{0B0B2590-F3BD-4638-A17D-CD5BF6648059}"
EndProject
Project("{9A19103F-16F7-4668-BE54-9A1E7A4F7556}") = "AppointmentBuddy.Core.Model.AccessControl", "AppointmentBuddy.Core.Model.AccessControl\AppointmentBuddy.Core.Model.AccessControl.csproj", "{091B4374-0362-4EC8-8332-CCB3B0CC8497}"
EndProject
Project("{2150E333-8FDC-42A3-9474-1A3956D46DE8}") = "Tools", "Tools", "{AC07E812-7D3C-498D-9AFA-DB82AE1F6488}"
EndProject
Project("{9A19103F-16F7-4668-BE54-9A1E7A4F7556}") = "AppointmentBuddy.Tools", "AppointmentBuddy.Tools\AppointmentBuddy.Tools.csproj", "{F35F40BB-72B9-4ACB-BFF8-F020D172E16B}"
EndProject
Project("{9A19103F-16F7-4668-BE54-9A1E7A4F7556}") = "AppointmentBuddy.Service.Identity.API", "AppointmentBuddy.Service.Identity.API\AppointmentBuddy.Service.Identity.API.csproj", "{5520E11F-3901-4A98-A998-6781E0BC08A9}"
EndProject
Project("{9A19103F-16F7-4668-BE54-9A1E7A4F7556}") = "AppointmentBuddy.Service.Identity.API.Core", "AppointmentBuddy.Service.Identity.API.Core\AppointmentBuddy.Service.Identity.API.Core.csproj", "{5E748C2C-A75B-4651-804F-AE7ED1A43EED}"
EndProject
Project("{9A19103F-16F7-4668-BE54-9A1E7A4F7556}") = "AppointmentBuddy.Service.Identity.API.Infrastructure", "AppointmentBuddy.Service.Identity.API.Infrastructure\AppointmentBuddy.Service.Identity.API.Infrastructure.csproj", "{9DA460BA-CF46-44A1-B776-011EAB9BD690}"
EndProject
Project("{9A19103F-16F7-4668-BE54-9A1E7A4F7556}") = "AppointmentBuddy.Core.Model.CodeTable", "AppointmentBuddy.Core.Model.CodeTable\AppointmentBuddy.Core.Model.CodeTable.csproj", "{1026A7CB-EF1F-4393-B674-74AD6DA7D515}"
EndProject
Project("{9A19103F-16F7-4668-BE54-9A1E7A4F7556}") = "AppointmentBuddy.Core.Model.Room", "AppointmentBuddy.Core.Model.Room\AppointmentBuddy.Core.Model.Room.csproj", "{6ACEE091-C1B4-4450-8217-3DACFCA38F6A}"
EndProject
Project("{2150E333-8FDC-42A3-9474-1A3956D46DE8}") = "Room.API", "Room.API", "{4D5FD478-01DF-4A7B-A524-36C07D293F49}"
EndProject
Project("{9A19103F-16F7-4668-BE54-9A1E7A4F7556}") = "AppointmentBuddy.Service.Room.API", "AppointmentBuddy.Service.Room.API\AppointmentBuddy.Service.Room.API.csproj", "{5446C86F-7CDD-4A50-921C-3B88070FDAA2}"
EndProject
Project("{9A19103F-16F7-4668-BE54-9A1E7A4F7556}") = "AppointmentBuddy.Service.Room.API.Infrastructure", "AppointmentBuddy.Service.Room.API.Infrastructure\AppointmentBuddy.Service.Room.API.Infrastructure.csproj", "{096DE180-BF8C-451A-B51C-FDBAAC7CF23A}"
EndProject
Project("{9A19103F-16F7-4668-BE54-9A1E7A4F7556}") = "AppointmentBuddy.Service.Room.API.Core", "AppointmentBuddy.Service.Room.API.Core\AppointmentBuddy.Service.Room.API.Core.csproj", "{EC7B4A1D-DAA7-49E0-BD44-11EF87D30BCF}"
EndProject
Project("{2150E333-8FDC-42A3-9474-1A3956D46DE8}") = "PatientInfo.API", "PatientInfo.API", "{870B0F8C-D606-4ABD-A71B-8CCB7274E847}"
EndProject
Project("{9A19103F-16F7-4668-BE54-9A1E7A4F7556}") = "AppointmentBuddy.Service.PatientInfo.API", "AppointmentBuddy.Service.PatientInfo.API\AppointmentBuddy.Service.PatientInfo.API.csproj", "{C96BA7C5-C18B-47F4-BCC0-C8A884EAA27B}"
EndProject
Project("{9A19103F-16F7-4668-BE54-9A1E7A4F7556}") = "AppointmentBuddy.Service.PatientInfo.API.Core", "AppointmentBuddy.Service.PatientInfo.API.Core\AppointmentBuddy.Service.PatientInfo.API.Core.csproj", "{F9F1A3C8-8339-44BD-BAF0-196A1B61DD8D}"
EndProject
Project("{9A19103F-16F7-4668-BE54-9A1E7A4F7556}") = "AppointmentBuddy.Service.PatientInfo.API.Infrastructure", "AppointmentBuddy.Service.PatientInfo.API.Infrastructure\AppointmentBuddy.Service.PatientInfo.API.Infrastructure.csproj", "{B540C11B-B6C3-47DB-AD76-3CFF4E51316D}"
EndProject
Project("{9A19103F-16F7-4668-BE54-9A1E7A4F7556}") = "AppointmentBuddy.Core.Model.PatientInfo", "AppointmentBuddy.Core.Model.PatientInfo\AppointmentBuddy.Core.Model.PatientInfo.csproj", "{E7E17054-F56D-43AE-9DFD-8262BD5605AC}"
EndProject
Project("{9A19103F-16F7-4668-BE54-9A1E7A4F7556}") = "AppointmentBuddy.Core.Model.HSPSpecialist", "AppointmentBuddy.Core.Model.HSPSpecialist\AppointmentBuddy.Core.Model.HSPSpecialist.csproj", "{62C14081-E7B5-41EC-92F7-018E83CFBCF1}"
EndProject
Project("{2150E333-8FDC-42A3-9474-1A3956D46DE8}") = "Specialist.API", "Specialist.API", "{B384ABB2-9311-40CC-8E20-802A0C80756F}"
EndProject
Project("{9A19103F-16F7-4668-BE54-9A1E7A4F7556}") = "AppointmentBuddy.Service.Specialist.API", "AppointmentBuddy.Service.Specialist.API\AppointmentBuddy.Service.Specialist.API.csproj", "{5896302D-FB0E-443C-B413-0001F15E3743}"
EndProject
Project("{9A19103F-16F7-4668-BE54-9A1E7A4F7556}") = "AppointmentBuddy.Service.Specialist.API.Core", "AppointmentBuddy.Service.Specialist.API.Core\AppointmentBuddy.Service.Specialist.API.Core.csproj", "{77E4DBA0-75C3-4857-B872-3F9912E5DD9A}"
EndProject
Project("{9A19103F-16F7-4668-BE54-9A1E7A4F7556}") = "AppointmentBuddy.Service.Specialist.API.Infrastructure", "AppointmentBuddy.Service.Specialist.Infrastructure\AppointmentBuddy.Service.Specialist.API.Infrastructure.csproj", "{A645D551-C1F4-4B51-9469-9CB39E34D9C5}"
EndProject
Project("{9A19103F-16F7-4668-BE54-9A1E7A4F7556}") = "AppointmentBuddy.Core.Model.HSPService", "AppointmentBuddy.Core.Model.HSPService\AppointmentBuddy.Core.Model.HSPService.csproj", "{165F7E7D-6E66-4364-9202-71FF167BF70C}"
EndProject
Project("{9A19103F-16F7-4668-BE54-9A1E7A4F7556}") = "HSPService", "HSPService\HSPService.csproj", "{93CD8D39-A8BB-48B6-B7B0-F3C5D709D4CF}"
EndProject
Project("{9A19103F-16F7-4668-BE54-9A1E7A4F7556}") = "HSPSpecialist", "HSPSpecialist\HSPSpecialist.csproj", "{6BA4DD64-2ACF-4411-B0AB-937D5580DEEA}"
EndProject
Project("{2150E333-8FDC-42A3-9474-1A3956D46DE8}") = "Services.API", "Services.API", "{036EF25D-E3B0-4C12-8BF2-79BC968B0BC1}"
EndProject
Project("{FAE04EC0-301F-11D3-BF4B-00C04F79EFBC}") = "AppointmentBuddy.Service.Services.API", "AppointmentBuddy.Service.Services.API\AppointmentBuddy.Service.Services.API.csproj", "{A453155C-B216-44D7-A803-F20914F1B7D9}"
EndProject
Project("{FAE04EC0-301F-11D3-BF4B-00C04F79EFBC}") = "AppointmentBuddy.Service.Services.API.Core", "AppointmentBuddy.Service.Services.API.Core\AppointmentBuddy.Service.Services.API.Core.csproj", "{8F7F4DFA-9743-40B8-A5F4-0759001B47FF}"
EndProject
Project("{FAE04EC0-301F-11D3-BF4B-00C04F79EFBC}") = "AppointmentBuddy.Service.Services.API.Infrastructure", "AppointmentBuddy.Service.Services.API.Infrastructure\AppointmentBuddy.Service.Services.API.Infrastructure.csproj", "{99103A11-5074-40DA-85A8-BEC35BF9D2A4}"
EndProject
Project("{00D1A9C2-B5F0-4AF3-8072-F6C62B433612}") = "Appointment.DB", "Appointment.DB\Appointment.DB.sqlproj", "{56135356-F4B1-46B1-8486-41E9F6E90BF4}"
EndProject
Project("{00D1A9C2-B5F0-4AF3-8072-F6C62B433612}") = "Identity.DB", "Identity.DB\Identity.DB.sqlproj", "{1AC684DB-2820-4AFA-BEFF-BE0F318293DD}"
EndProject
Project("{00D1A9C2-B5F0-4AF3-8072-F6C62B433612}") = "PatientInfo.DB", "PatientInfo.DB\PatientInfo.DB.sqlproj", "{D8BD6F99-5A13-4ACE-A35C-DC63BE4ED067}"
EndProject
Project("{00D1A9C2-B5F0-4AF3-8072-F6C62B433612}") = "Room.DB", "Room.DB\Room.DB.sqlproj", "{CF3838F2-C1EE-4DB3-8CA3-560A7A11C6BD}"
EndProject
Global
	GlobalSection(SolutionConfigurationPlatforms) = preSolution
		Debug|Any CPU = Debug|Any CPU
		Release|Any CPU = Release|Any CPU
	EndGlobalSection
	GlobalSection(ProjectConfigurationPlatforms) = postSolution
		{98E9D09A-EF4C-44B9-958B-8730A9C79D0A}.Debug|Any CPU.ActiveCfg = Debug|Any CPU
		{98E9D09A-EF4C-44B9-958B-8730A9C79D0A}.Debug|Any CPU.Build.0 = Debug|Any CPU
		{98E9D09A-EF4C-44B9-958B-8730A9C79D0A}.Release|Any CPU.ActiveCfg = Release|Any CPU
		{98E9D09A-EF4C-44B9-958B-8730A9C79D0A}.Release|Any CPU.Build.0 = Release|Any CPU
		{091C09D7-4922-4D1D-9E9A-11F3574011AE}.Debug|Any CPU.ActiveCfg = Debug|Any CPU
		{091C09D7-4922-4D1D-9E9A-11F3574011AE}.Debug|Any CPU.Build.0 = Debug|Any CPU
		{091C09D7-4922-4D1D-9E9A-11F3574011AE}.Release|Any CPU.ActiveCfg = Release|Any CPU
		{091C09D7-4922-4D1D-9E9A-11F3574011AE}.Release|Any CPU.Build.0 = Release|Any CPU
		{F3330439-19E8-42AD-99D5-63BC0A32387E}.Debug|Any CPU.ActiveCfg = Debug|Any CPU
		{F3330439-19E8-42AD-99D5-63BC0A32387E}.Debug|Any CPU.Build.0 = Debug|Any CPU
		{F3330439-19E8-42AD-99D5-63BC0A32387E}.Release|Any CPU.ActiveCfg = Release|Any CPU
		{F3330439-19E8-42AD-99D5-63BC0A32387E}.Release|Any CPU.Build.0 = Release|Any CPU
		{4C9840DF-C930-475B-B9A7-F501F361B7FE}.Debug|Any CPU.ActiveCfg = Debug|Any CPU
		{4C9840DF-C930-475B-B9A7-F501F361B7FE}.Debug|Any CPU.Build.0 = Debug|Any CPU
		{4C9840DF-C930-475B-B9A7-F501F361B7FE}.Release|Any CPU.ActiveCfg = Release|Any CPU
		{4C9840DF-C930-475B-B9A7-F501F361B7FE}.Release|Any CPU.Build.0 = Release|Any CPU
		{1D901426-6852-45E4-9853-6D6097433134}.Debug|Any CPU.ActiveCfg = Debug|Any CPU
		{1D901426-6852-45E4-9853-6D6097433134}.Debug|Any CPU.Build.0 = Debug|Any CPU
		{1D901426-6852-45E4-9853-6D6097433134}.Release|Any CPU.ActiveCfg = Release|Any CPU
		{1D901426-6852-45E4-9853-6D6097433134}.Release|Any CPU.Build.0 = Release|Any CPU
		{8BE9EE62-5967-40C8-A02E-CD2A49ABACEF}.Debug|Any CPU.ActiveCfg = Debug|Any CPU
		{8BE9EE62-5967-40C8-A02E-CD2A49ABACEF}.Debug|Any CPU.Build.0 = Debug|Any CPU
		{8BE9EE62-5967-40C8-A02E-CD2A49ABACEF}.Release|Any CPU.ActiveCfg = Release|Any CPU
		{8BE9EE62-5967-40C8-A02E-CD2A49ABACEF}.Release|Any CPU.Build.0 = Release|Any CPU
		{F08E4159-7EEF-48DE-B1D1-3DE821281E9E}.Debug|Any CPU.ActiveCfg = Debug|Any CPU
		{F08E4159-7EEF-48DE-B1D1-3DE821281E9E}.Debug|Any CPU.Build.0 = Debug|Any CPU
		{F08E4159-7EEF-48DE-B1D1-3DE821281E9E}.Release|Any CPU.ActiveCfg = Release|Any CPU
		{F08E4159-7EEF-48DE-B1D1-3DE821281E9E}.Release|Any CPU.Build.0 = Release|Any CPU
		{3E14CFAD-2407-42A8-8F61-39393EA2F2D2}.Debug|Any CPU.ActiveCfg = Debug|Any CPU
		{3E14CFAD-2407-42A8-8F61-39393EA2F2D2}.Debug|Any CPU.Build.0 = Debug|Any CPU
		{3E14CFAD-2407-42A8-8F61-39393EA2F2D2}.Release|Any CPU.ActiveCfg = Release|Any CPU
		{3E14CFAD-2407-42A8-8F61-39393EA2F2D2}.Release|Any CPU.Build.0 = Release|Any CPU
		{0B0B2590-F3BD-4638-A17D-CD5BF6648059}.Debug|Any CPU.ActiveCfg = Debug|Any CPU
		{0B0B2590-F3BD-4638-A17D-CD5BF6648059}.Debug|Any CPU.Build.0 = Debug|Any CPU
		{0B0B2590-F3BD-4638-A17D-CD5BF6648059}.Release|Any CPU.ActiveCfg = Release|Any CPU
		{0B0B2590-F3BD-4638-A17D-CD5BF6648059}.Release|Any CPU.Build.0 = Release|Any CPU
		{091B4374-0362-4EC8-8332-CCB3B0CC8497}.Debug|Any CPU.ActiveCfg = Debug|Any CPU
		{091B4374-0362-4EC8-8332-CCB3B0CC8497}.Debug|Any CPU.Build.0 = Debug|Any CPU
		{091B4374-0362-4EC8-8332-CCB3B0CC8497}.Release|Any CPU.ActiveCfg = Release|Any CPU
		{091B4374-0362-4EC8-8332-CCB3B0CC8497}.Release|Any CPU.Build.0 = Release|Any CPU
		{F35F40BB-72B9-4ACB-BFF8-F020D172E16B}.Debug|Any CPU.ActiveCfg = Debug|Any CPU
		{F35F40BB-72B9-4ACB-BFF8-F020D172E16B}.Debug|Any CPU.Build.0 = Debug|Any CPU
		{F35F40BB-72B9-4ACB-BFF8-F020D172E16B}.Release|Any CPU.ActiveCfg = Release|Any CPU
		{F35F40BB-72B9-4ACB-BFF8-F020D172E16B}.Release|Any CPU.Build.0 = Release|Any CPU
		{5520E11F-3901-4A98-A998-6781E0BC08A9}.Debug|Any CPU.ActiveCfg = Debug|Any CPU
		{5520E11F-3901-4A98-A998-6781E0BC08A9}.Debug|Any CPU.Build.0 = Debug|Any CPU
		{5520E11F-3901-4A98-A998-6781E0BC08A9}.Release|Any CPU.ActiveCfg = Release|Any CPU
		{5520E11F-3901-4A98-A998-6781E0BC08A9}.Release|Any CPU.Build.0 = Release|Any CPU
		{5E748C2C-A75B-4651-804F-AE7ED1A43EED}.Debug|Any CPU.ActiveCfg = Debug|Any CPU
		{5E748C2C-A75B-4651-804F-AE7ED1A43EED}.Debug|Any CPU.Build.0 = Debug|Any CPU
		{5E748C2C-A75B-4651-804F-AE7ED1A43EED}.Release|Any CPU.ActiveCfg = Release|Any CPU
		{5E748C2C-A75B-4651-804F-AE7ED1A43EED}.Release|Any CPU.Build.0 = Release|Any CPU
		{9DA460BA-CF46-44A1-B776-011EAB9BD690}.Debug|Any CPU.ActiveCfg = Debug|Any CPU
		{9DA460BA-CF46-44A1-B776-011EAB9BD690}.Debug|Any CPU.Build.0 = Debug|Any CPU
		{9DA460BA-CF46-44A1-B776-011EAB9BD690}.Release|Any CPU.ActiveCfg = Release|Any CPU
		{9DA460BA-CF46-44A1-B776-011EAB9BD690}.Release|Any CPU.Build.0 = Release|Any CPU
		{1026A7CB-EF1F-4393-B674-74AD6DA7D515}.Debug|Any CPU.ActiveCfg = Debug|Any CPU
		{1026A7CB-EF1F-4393-B674-74AD6DA7D515}.Debug|Any CPU.Build.0 = Debug|Any CPU
		{1026A7CB-EF1F-4393-B674-74AD6DA7D515}.Release|Any CPU.ActiveCfg = Release|Any CPU
		{1026A7CB-EF1F-4393-B674-74AD6DA7D515}.Release|Any CPU.Build.0 = Release|Any CPU
		{6ACEE091-C1B4-4450-8217-3DACFCA38F6A}.Debug|Any CPU.ActiveCfg = Debug|Any CPU
		{6ACEE091-C1B4-4450-8217-3DACFCA38F6A}.Debug|Any CPU.Build.0 = Debug|Any CPU
		{6ACEE091-C1B4-4450-8217-3DACFCA38F6A}.Release|Any CPU.ActiveCfg = Release|Any CPU
		{6ACEE091-C1B4-4450-8217-3DACFCA38F6A}.Release|Any CPU.Build.0 = Release|Any CPU
		{5446C86F-7CDD-4A50-921C-3B88070FDAA2}.Debug|Any CPU.ActiveCfg = Debug|Any CPU
		{5446C86F-7CDD-4A50-921C-3B88070FDAA2}.Debug|Any CPU.Build.0 = Debug|Any CPU
		{5446C86F-7CDD-4A50-921C-3B88070FDAA2}.Release|Any CPU.ActiveCfg = Release|Any CPU
		{5446C86F-7CDD-4A50-921C-3B88070FDAA2}.Release|Any CPU.Build.0 = Release|Any CPU
		{096DE180-BF8C-451A-B51C-FDBAAC7CF23A}.Debug|Any CPU.ActiveCfg = Debug|Any CPU
		{096DE180-BF8C-451A-B51C-FDBAAC7CF23A}.Debug|Any CPU.Build.0 = Debug|Any CPU
		{096DE180-BF8C-451A-B51C-FDBAAC7CF23A}.Release|Any CPU.ActiveCfg = Release|Any CPU
		{096DE180-BF8C-451A-B51C-FDBAAC7CF23A}.Release|Any CPU.Build.0 = Release|Any CPU
		{EC7B4A1D-DAA7-49E0-BD44-11EF87D30BCF}.Debug|Any CPU.ActiveCfg = Debug|Any CPU
		{EC7B4A1D-DAA7-49E0-BD44-11EF87D30BCF}.Debug|Any CPU.Build.0 = Debug|Any CPU
		{EC7B4A1D-DAA7-49E0-BD44-11EF87D30BCF}.Release|Any CPU.ActiveCfg = Release|Any CPU
		{EC7B4A1D-DAA7-49E0-BD44-11EF87D30BCF}.Release|Any CPU.Build.0 = Release|Any CPU
		{C96BA7C5-C18B-47F4-BCC0-C8A884EAA27B}.Debug|Any CPU.ActiveCfg = Debug|Any CPU
		{C96BA7C5-C18B-47F4-BCC0-C8A884EAA27B}.Debug|Any CPU.Build.0 = Debug|Any CPU
		{C96BA7C5-C18B-47F4-BCC0-C8A884EAA27B}.Release|Any CPU.ActiveCfg = Release|Any CPU
		{C96BA7C5-C18B-47F4-BCC0-C8A884EAA27B}.Release|Any CPU.Build.0 = Release|Any CPU
		{F9F1A3C8-8339-44BD-BAF0-196A1B61DD8D}.Debug|Any CPU.ActiveCfg = Debug|Any CPU
		{F9F1A3C8-8339-44BD-BAF0-196A1B61DD8D}.Debug|Any CPU.Build.0 = Debug|Any CPU
		{F9F1A3C8-8339-44BD-BAF0-196A1B61DD8D}.Release|Any CPU.ActiveCfg = Release|Any CPU
		{F9F1A3C8-8339-44BD-BAF0-196A1B61DD8D}.Release|Any CPU.Build.0 = Release|Any CPU
		{B540C11B-B6C3-47DB-AD76-3CFF4E51316D}.Debug|Any CPU.ActiveCfg = Debug|Any CPU
		{B540C11B-B6C3-47DB-AD76-3CFF4E51316D}.Debug|Any CPU.Build.0 = Debug|Any CPU
		{B540C11B-B6C3-47DB-AD76-3CFF4E51316D}.Release|Any CPU.ActiveCfg = Release|Any CPU
		{B540C11B-B6C3-47DB-AD76-3CFF4E51316D}.Release|Any CPU.Build.0 = Release|Any CPU
		{E7E17054-F56D-43AE-9DFD-8262BD5605AC}.Debug|Any CPU.ActiveCfg = Debug|Any CPU
		{E7E17054-F56D-43AE-9DFD-8262BD5605AC}.Debug|Any CPU.Build.0 = Debug|Any CPU
		{E7E17054-F56D-43AE-9DFD-8262BD5605AC}.Release|Any CPU.ActiveCfg = Release|Any CPU
		{E7E17054-F56D-43AE-9DFD-8262BD5605AC}.Release|Any CPU.Build.0 = Release|Any CPU
		{62C14081-E7B5-41EC-92F7-018E83CFBCF1}.Debug|Any CPU.ActiveCfg = Debug|Any CPU
		{62C14081-E7B5-41EC-92F7-018E83CFBCF1}.Debug|Any CPU.Build.0 = Debug|Any CPU
		{62C14081-E7B5-41EC-92F7-018E83CFBCF1}.Release|Any CPU.ActiveCfg = Release|Any CPU
		{62C14081-E7B5-41EC-92F7-018E83CFBCF1}.Release|Any CPU.Build.0 = Release|Any CPU
		{5896302D-FB0E-443C-B413-0001F15E3743}.Debug|Any CPU.ActiveCfg = Debug|Any CPU
		{5896302D-FB0E-443C-B413-0001F15E3743}.Debug|Any CPU.Build.0 = Debug|Any CPU
		{5896302D-FB0E-443C-B413-0001F15E3743}.Release|Any CPU.ActiveCfg = Release|Any CPU
		{5896302D-FB0E-443C-B413-0001F15E3743}.Release|Any CPU.Build.0 = Release|Any CPU
		{77E4DBA0-75C3-4857-B872-3F9912E5DD9A}.Debug|Any CPU.ActiveCfg = Debug|Any CPU
		{77E4DBA0-75C3-4857-B872-3F9912E5DD9A}.Debug|Any CPU.Build.0 = Debug|Any CPU
		{77E4DBA0-75C3-4857-B872-3F9912E5DD9A}.Release|Any CPU.ActiveCfg = Release|Any CPU
		{77E4DBA0-75C3-4857-B872-3F9912E5DD9A}.Release|Any CPU.Build.0 = Release|Any CPU
		{A645D551-C1F4-4B51-9469-9CB39E34D9C5}.Debug|Any CPU.ActiveCfg = Debug|Any CPU
		{A645D551-C1F4-4B51-9469-9CB39E34D9C5}.Debug|Any CPU.Build.0 = Debug|Any CPU
		{A645D551-C1F4-4B51-9469-9CB39E34D9C5}.Release|Any CPU.ActiveCfg = Release|Any CPU
		{A645D551-C1F4-4B51-9469-9CB39E34D9C5}.Release|Any CPU.Build.0 = Release|Any CPU
		{165F7E7D-6E66-4364-9202-71FF167BF70C}.Debug|Any CPU.ActiveCfg = Debug|Any CPU
		{165F7E7D-6E66-4364-9202-71FF167BF70C}.Debug|Any CPU.Build.0 = Debug|Any CPU
		{165F7E7D-6E66-4364-9202-71FF167BF70C}.Release|Any CPU.ActiveCfg = Release|Any CPU
		{165F7E7D-6E66-4364-9202-71FF167BF70C}.Release|Any CPU.Build.0 = Release|Any CPU
		{93CD8D39-A8BB-48B6-B7B0-F3C5D709D4CF}.Debug|Any CPU.ActiveCfg = Debug|Any CPU
		{93CD8D39-A8BB-48B6-B7B0-F3C5D709D4CF}.Debug|Any CPU.Build.0 = Debug|Any CPU
		{93CD8D39-A8BB-48B6-B7B0-F3C5D709D4CF}.Release|Any CPU.ActiveCfg = Release|Any CPU
		{93CD8D39-A8BB-48B6-B7B0-F3C5D709D4CF}.Release|Any CPU.Build.0 = Release|Any CPU
		{6BA4DD64-2ACF-4411-B0AB-937D5580DEEA}.Debug|Any CPU.ActiveCfg = Debug|Any CPU
		{6BA4DD64-2ACF-4411-B0AB-937D5580DEEA}.Debug|Any CPU.Build.0 = Debug|Any CPU
		{6BA4DD64-2ACF-4411-B0AB-937D5580DEEA}.Release|Any CPU.ActiveCfg = Release|Any CPU
		{6BA4DD64-2ACF-4411-B0AB-937D5580DEEA}.Release|Any CPU.Build.0 = Release|Any CPU
		{A453155C-B216-44D7-A803-F20914F1B7D9}.Debug|Any CPU.ActiveCfg = Debug|Any CPU
		{A453155C-B216-44D7-A803-F20914F1B7D9}.Debug|Any CPU.Build.0 = Debug|Any CPU
		{A453155C-B216-44D7-A803-F20914F1B7D9}.Release|Any CPU.ActiveCfg = Release|Any CPU
		{A453155C-B216-44D7-A803-F20914F1B7D9}.Release|Any CPU.Build.0 = Release|Any CPU
		{8F7F4DFA-9743-40B8-A5F4-0759001B47FF}.Debug|Any CPU.ActiveCfg = Debug|Any CPU
		{8F7F4DFA-9743-40B8-A5F4-0759001B47FF}.Debug|Any CPU.Build.0 = Debug|Any CPU
		{8F7F4DFA-9743-40B8-A5F4-0759001B47FF}.Release|Any CPU.ActiveCfg = Release|Any CPU
		{8F7F4DFA-9743-40B8-A5F4-0759001B47FF}.Release|Any CPU.Build.0 = Release|Any CPU
		{99103A11-5074-40DA-85A8-BEC35BF9D2A4}.Debug|Any CPU.ActiveCfg = Debug|Any CPU
		{99103A11-5074-40DA-85A8-BEC35BF9D2A4}.Debug|Any CPU.Build.0 = Debug|Any CPU
		{99103A11-5074-40DA-85A8-BEC35BF9D2A4}.Release|Any CPU.ActiveCfg = Release|Any CPU
		{99103A11-5074-40DA-85A8-BEC35BF9D2A4}.Release|Any CPU.Build.0 = Release|Any CPU
		{56135356-F4B1-46B1-8486-41E9F6E90BF4}.Debug|Any CPU.ActiveCfg = Debug|Any CPU
		{56135356-F4B1-46B1-8486-41E9F6E90BF4}.Debug|Any CPU.Build.0 = Debug|Any CPU
		{56135356-F4B1-46B1-8486-41E9F6E90BF4}.Debug|Any CPU.Deploy.0 = Debug|Any CPU
		{56135356-F4B1-46B1-8486-41E9F6E90BF4}.Release|Any CPU.ActiveCfg = Release|Any CPU
		{56135356-F4B1-46B1-8486-41E9F6E90BF4}.Release|Any CPU.Build.0 = Release|Any CPU
		{56135356-F4B1-46B1-8486-41E9F6E90BF4}.Release|Any CPU.Deploy.0 = Release|Any CPU
		{1AC684DB-2820-4AFA-BEFF-BE0F318293DD}.Debug|Any CPU.ActiveCfg = Debug|Any CPU
		{1AC684DB-2820-4AFA-BEFF-BE0F318293DD}.Debug|Any CPU.Build.0 = Debug|Any CPU
		{1AC684DB-2820-4AFA-BEFF-BE0F318293DD}.Debug|Any CPU.Deploy.0 = Debug|Any CPU
		{1AC684DB-2820-4AFA-BEFF-BE0F318293DD}.Release|Any CPU.ActiveCfg = Release|Any CPU
		{1AC684DB-2820-4AFA-BEFF-BE0F318293DD}.Release|Any CPU.Build.0 = Release|Any CPU
		{1AC684DB-2820-4AFA-BEFF-BE0F318293DD}.Release|Any CPU.Deploy.0 = Release|Any CPU
		{D8BD6F99-5A13-4ACE-A35C-DC63BE4ED067}.Debug|Any CPU.ActiveCfg = Debug|Any CPU
		{D8BD6F99-5A13-4ACE-A35C-DC63BE4ED067}.Debug|Any CPU.Build.0 = Debug|Any CPU
		{D8BD6F99-5A13-4ACE-A35C-DC63BE4ED067}.Debug|Any CPU.Deploy.0 = Debug|Any CPU
		{D8BD6F99-5A13-4ACE-A35C-DC63BE4ED067}.Release|Any CPU.ActiveCfg = Release|Any CPU
		{D8BD6F99-5A13-4ACE-A35C-DC63BE4ED067}.Release|Any CPU.Build.0 = Release|Any CPU
		{D8BD6F99-5A13-4ACE-A35C-DC63BE4ED067}.Release|Any CPU.Deploy.0 = Release|Any CPU
		{CF3838F2-C1EE-4DB3-8CA3-560A7A11C6BD}.Debug|Any CPU.ActiveCfg = Debug|Any CPU
		{CF3838F2-C1EE-4DB3-8CA3-560A7A11C6BD}.Debug|Any CPU.Build.0 = Debug|Any CPU
		{CF3838F2-C1EE-4DB3-8CA3-560A7A11C6BD}.Debug|Any CPU.Deploy.0 = Debug|Any CPU
		{CF3838F2-C1EE-4DB3-8CA3-560A7A11C6BD}.Release|Any CPU.ActiveCfg = Release|Any CPU
		{CF3838F2-C1EE-4DB3-8CA3-560A7A11C6BD}.Release|Any CPU.Build.0 = Release|Any CPU
		{CF3838F2-C1EE-4DB3-8CA3-560A7A11C6BD}.Release|Any CPU.Deploy.0 = Release|Any CPU
	EndGlobalSection
	GlobalSection(SolutionProperties) = preSolution
		HideSolutionNode = FALSE
	EndGlobalSection
	GlobalSection(NestedProjects) = preSolution
		{98E9D09A-EF4C-44B9-958B-8730A9C79D0A} = {48D842D7-A903-4356-B0B0-ADF8F12972C4}
		{1249C5F3-FE06-4B7C-9AD5-BA9AF6C1533D} = {129BCF1B-1993-46E5-9066-B19809DAF4DD}
		{81D728A1-4C1B-4047-A350-AF42B879E880} = {129BCF1B-1993-46E5-9066-B19809DAF4DD}
		{091C09D7-4922-4D1D-9E9A-11F3574011AE} = {81D728A1-4C1B-4047-A350-AF42B879E880}
		{F3330439-19E8-42AD-99D5-63BC0A32387E} = {81D728A1-4C1B-4047-A350-AF42B879E880}
		{4C9840DF-C930-475B-B9A7-F501F361B7FE} = {81D728A1-4C1B-4047-A350-AF42B879E880}
		{1D901426-6852-45E4-9853-6D6097433134} = {2E4C82DD-0E4D-4625-BFB9-1A0B29B43CBF}
		{8BE9EE62-5967-40C8-A02E-CD2A49ABACEF} = {2E4C82DD-0E4D-4625-BFB9-1A0B29B43CBF}
		{F08E4159-7EEF-48DE-B1D1-3DE821281E9E} = {2E4C82DD-0E4D-4625-BFB9-1A0B29B43CBF}
		{3E14CFAD-2407-42A8-8F61-39393EA2F2D2} = {2E4C82DD-0E4D-4625-BFB9-1A0B29B43CBF}
		{0B0B2590-F3BD-4638-A17D-CD5BF6648059} = {2E4C82DD-0E4D-4625-BFB9-1A0B29B43CBF}
		{091B4374-0362-4EC8-8332-CCB3B0CC8497} = {2E4C82DD-0E4D-4625-BFB9-1A0B29B43CBF}
		{F35F40BB-72B9-4ACB-BFF8-F020D172E16B} = {AC07E812-7D3C-498D-9AFA-DB82AE1F6488}
		{5520E11F-3901-4A98-A998-6781E0BC08A9} = {1249C5F3-FE06-4B7C-9AD5-BA9AF6C1533D}
		{5E748C2C-A75B-4651-804F-AE7ED1A43EED} = {1249C5F3-FE06-4B7C-9AD5-BA9AF6C1533D}
		{9DA460BA-CF46-44A1-B776-011EAB9BD690} = {1249C5F3-FE06-4B7C-9AD5-BA9AF6C1533D}
		{1026A7CB-EF1F-4393-B674-74AD6DA7D515} = {2E4C82DD-0E4D-4625-BFB9-1A0B29B43CBF}
		{6ACEE091-C1B4-4450-8217-3DACFCA38F6A} = {2E4C82DD-0E4D-4625-BFB9-1A0B29B43CBF}
		{4D5FD478-01DF-4A7B-A524-36C07D293F49} = {129BCF1B-1993-46E5-9066-B19809DAF4DD}
		{5446C86F-7CDD-4A50-921C-3B88070FDAA2} = {4D5FD478-01DF-4A7B-A524-36C07D293F49}
		{096DE180-BF8C-451A-B51C-FDBAAC7CF23A} = {4D5FD478-01DF-4A7B-A524-36C07D293F49}
		{EC7B4A1D-DAA7-49E0-BD44-11EF87D30BCF} = {4D5FD478-01DF-4A7B-A524-36C07D293F49}
		{870B0F8C-D606-4ABD-A71B-8CCB7274E847} = {129BCF1B-1993-46E5-9066-B19809DAF4DD}
		{C96BA7C5-C18B-47F4-BCC0-C8A884EAA27B} = {870B0F8C-D606-4ABD-A71B-8CCB7274E847}
		{F9F1A3C8-8339-44BD-BAF0-196A1B61DD8D} = {870B0F8C-D606-4ABD-A71B-8CCB7274E847}
		{B540C11B-B6C3-47DB-AD76-3CFF4E51316D} = {870B0F8C-D606-4ABD-A71B-8CCB7274E847}
		{E7E17054-F56D-43AE-9DFD-8262BD5605AC} = {2E4C82DD-0E4D-4625-BFB9-1A0B29B43CBF}
		{62C14081-E7B5-41EC-92F7-018E83CFBCF1} = {2E4C82DD-0E4D-4625-BFB9-1A0B29B43CBF}
		{B384ABB2-9311-40CC-8E20-802A0C80756F} = {129BCF1B-1993-46E5-9066-B19809DAF4DD}
		{5896302D-FB0E-443C-B413-0001F15E3743} = {B384ABB2-9311-40CC-8E20-802A0C80756F}
		{77E4DBA0-75C3-4857-B872-3F9912E5DD9A} = {B384ABB2-9311-40CC-8E20-802A0C80756F}
		{A645D551-C1F4-4B51-9469-9CB39E34D9C5} = {B384ABB2-9311-40CC-8E20-802A0C80756F}
		{165F7E7D-6E66-4364-9202-71FF167BF70C} = {2E4C82DD-0E4D-4625-BFB9-1A0B29B43CBF}
		{036EF25D-E3B0-4C12-8BF2-79BC968B0BC1} = {129BCF1B-1993-46E5-9066-B19809DAF4DD}
		{A453155C-B216-44D7-A803-F20914F1B7D9} = {036EF25D-E3B0-4C12-8BF2-79BC968B0BC1}
		{8F7F4DFA-9743-40B8-A5F4-0759001B47FF} = {036EF25D-E3B0-4C12-8BF2-79BC968B0BC1}
		{99103A11-5074-40DA-85A8-BEC35BF9D2A4} = {036EF25D-E3B0-4C12-8BF2-79BC968B0BC1}
		{56135356-F4B1-46B1-8486-41E9F6E90BF4} = {1EF212AA-C925-4EFC-A43B-BA8ECF9826BC}
		{1AC684DB-2820-4AFA-BEFF-BE0F318293DD} = {1EF212AA-C925-4EFC-A43B-BA8ECF9826BC}
		{D8BD6F99-5A13-4ACE-A35C-DC63BE4ED067} = {1EF212AA-C925-4EFC-A43B-BA8ECF9826BC}
		{CF3838F2-C1EE-4DB3-8CA3-560A7A11C6BD} = {1EF212AA-C925-4EFC-A43B-BA8ECF9826BC}
	EndGlobalSection
	GlobalSection(ExtensibilityGlobals) = postSolution
		SolutionGuid = {5B9C8BC4-B338-4D55-A524-91CADA4736BC}
	EndGlobalSection
EndGlobal
